
Microsoft Visual Studio Solution File, Format Version 12.00
# Visual Studio Version 16
VisualStudioVersion = 16.0.30523.141
MinimumVisualStudioVersion = 10.0.40219.1
Project("{FAE04EC0-301F-11D3-BF4B-00C04F79EFBC}") = "NewWebApp", "NewWebApp\NewWebApp.csproj", "{DDA24E9A-3D3A-4C9B-BF0B-08AF6E499BB0}"
EndProject
Global
	GlobalSection(SolutionConfigurationPlatforms) = preSolution
		Debug|Any CPU = Debug|Any CPU
		Release|Any CPU = Release|Any CPU
	EndGlobalSection
	GlobalSection(ProjectConfigurationPlatforms) = postSolution
		{DDA24E9A-3D3A-4C9B-BF0B-08AF6E499BB0}.Debug|Any CPU.ActiveCfg = Debug|Any CPU
		{DDA24E9A-3D3A-4C9B-BF0B-08AF6E499BB0}.Debug|Any CPU.Build.0 = Debug|Any CPU
		{DDA24E9A-3D3A-4C9B-BF0B-08AF6E499BB0}.Release|Any CPU.ActiveCfg = Release|Any CPU
		{DDA24E9A-3D3A-4C9B-BF0B-08AF6E499BB0}.Release|Any CPU.Build.0 = Release|Any CPU
	EndGlobalSection
	GlobalSection(SolutionProperties) = preSolution
		HideSolutionNode = FALSE
	EndGlobalSection
	GlobalSection(ExtensibilityGlobals) = postSolution
		SolutionGuid = {34E082B6-4CA6-4212-99E9-8D8A29331532}
	EndGlobalSection
EndGlobal
